
Microsoft Visual Studio Solution File, Format Version 12.00
# Visual Studio 14
VisualStudioVersion = 14.0.25420.1
MinimumVisualStudioVersion = 10.0.40219.1
Project("{FAE04EC0-301F-11D3-BF4B-00C04F79EFBC}") = "LSBApp", "LSBApp\LSBApp.csproj", "{8B7F5B8E-838F-4B65-8BA7-544CC72B2699}"
EndProject
Global
	GlobalSection(SolutionConfigurationPlatforms) = preSolution
		Debug|Any CPU = Debug|Any CPU
		Release|Any CPU = Release|Any CPU
	EndGlobalSection
	GlobalSection(ProjectConfigurationPlatforms) = postSolution
		{8B7F5B8E-838F-4B65-8BA7-544CC72B2699}.Debug|Any CPU.ActiveCfg = Debug|Any CPU
		{8B7F5B8E-838F-4B65-8BA7-544CC72B2699}.Debug|Any CPU.Build.0 = Debug|Any CPU
		{8B7F5B8E-838F-4B65-8BA7-544CC72B2699}.Release|Any CPU.ActiveCfg = Release|Any CPU
		{8B7F5B8E-838F-4B65-8BA7-544CC72B2699}.Release|Any CPU.Build.0 = Release|Any CPU
	EndGlobalSection
	GlobalSection(SolutionProperties) = preSolution
		HideSolutionNode = FALSE
	EndGlobalSection
EndGlobal
